
Microsoft Visual Studio Solution File, Format Version 12.00
# Visual Studio Version 17
VisualStudioVersion = 17.9.34607.119
MinimumVisualStudioVersion = 10.0.40219.1
Project("{9A19103F-16F7-4668-BE54-9A1E7A4F7556}") = "WebMongoBoobs", "WebMongoBoobs.csproj", "{016E7D56-46D6-409F-9380-3DCF87492386}"
EndProject
Global
	GlobalSection(SolutionConfigurationPlatforms) = preSolution
		Debug|Any CPU = Debug|Any CPU
		Release|Any CPU = Release|Any CPU
	EndGlobalSection
	GlobalSection(ProjectConfigurationPlatforms) = postSolution
		{016E7D56-46D6-409F-9380-3DCF87492386}.Debug|Any CPU.ActiveCfg = Debug|Any CPU
		{016E7D56-46D6-409F-9380-3DCF87492386}.Debug|Any CPU.Build.0 = Debug|Any CPU
		{016E7D56-46D6-409F-9380-3DCF87492386}.Release|Any CPU.ActiveCfg = Release|Any CPU
		{016E7D56-46D6-409F-9380-3DCF87492386}.Release|Any CPU.Build.0 = Release|Any CPU
	EndGlobalSection
	GlobalSection(SolutionProperties) = preSolution
		HideSolutionNode = FALSE
	EndGlobalSection
	GlobalSection(ExtensibilityGlobals) = postSolution
		SolutionGuid = {F7919922-E5D5-469D-8231-EC1A0230C271}
	EndGlobalSection
EndGlobal
